
Microsoft Visual Studio Solution File, Format Version 12.00
# Visual Studio Version 16
VisualStudioVersion = 16.0.32002.261
MinimumVisualStudioVersion = 10.0.40219.1
Project("{FAE04EC0-301F-11D3-BF4B-00C04F79EFBC}") = "Assignment5.1", "Assignment5.1.csproj", "{00B38123-0374-48DE-83EA-DAD6471999EA}"
EndProject
Global
	GlobalSection(SolutionConfigurationPlatforms) = preSolution
		Debug|Any CPU = Debug|Any CPU
		Release|Any CPU = Release|Any CPU
	EndGlobalSection
	GlobalSection(ProjectConfigurationPlatforms) = postSolution
		{00B38123-0374-48DE-83EA-DAD6471999EA}.Debug|Any CPU.ActiveCfg = Debug|Any CPU
		{00B38123-0374-48DE-83EA-DAD6471999EA}.Debug|Any CPU.Build.0 = Debug|Any CPU
		{00B38123-0374-48DE-83EA-DAD6471999EA}.Release|Any CPU.ActiveCfg = Release|Any CPU
		{00B38123-0374-48DE-83EA-DAD6471999EA}.Release|Any CPU.Build.0 = Release|Any CPU
	EndGlobalSection
	GlobalSection(SolutionProperties) = preSolution
		HideSolutionNode = FALSE
	EndGlobalSection
	GlobalSection(ExtensibilityGlobals) = postSolution
		SolutionGuid = {BA5CE9B8-84B2-4FF4-BA8B-F316B35F143A}
	EndGlobalSection
EndGlobal
